{
    "_readme": [
        "This file locks the dependencies of your project to a known state",
        "Read more about it at https://getcomposer.org/doc/01-basic-usage.md#installing-dependencies",
        "This file is @generated automatically"
    ],
    "content-hash": "1425e2bc484efcf2e6b18368628defb8",
    "packages": [
        {
            "name": "diversen/parse-argv",
            "version": "v2.0.1",
            "source": {
                "type": "git",
                "url": "https://github.com/diversen/parse-argv.git",
                "reference": "79826f249d93459375cb620c408a56a2a9f929b0"
            },
            "dist": {
                "type": "zip",
                "url": "https://api.github.com/repos/diversen/parse-argv/zipball/79826f249d93459375cb620c408a56a2a9f929b0",
                "reference": "79826f249d93459375cb620c408a56a2a9f929b0",
                "shasum": ""
            },
            "type": "library",
            "extra": {
                "branch-alias": {
                    "dev-master": "v1.2-dev"
                }
            },
            "autoload": {
                "psr-4": {
                    "Diversen\\": ""
                }
            },
            "notification-url": "https://packagist.org/downloads/",
            "license": [
                "MIT"
            ],
            "authors": [
                {
                    "name": "Dennis Iversen",
                    "email": "dennis.iversen@gmail.com",
                    "homepage": "http://www.coscms.org/",
                    "role": "Developer"
                }
            ],
            "description": "Parse argv and get - and -- flags and values, and get any value without a flag.",
            "homepage": "http://github.com/diversen/parse-argv",
            "keywords": [
                "argv",
                "cli",
                "console"
            ],
            "time": "2019-11-09T11:59:20+00:00"
        }
    ],
    "packages-dev": [],
    "aliases": [],
    "minimum-stability": "stable",
    "stability-flags": [],
    "prefer-stable": false,
    "prefer-lowest": false,
    "platform": [],
    "platform-dev": []
}
